{
    "_readme": [
        "This file locks the dependencies of your project to a known state",
        "Read more about it at http://getcomposer.org/doc/01-basic-usage.md#composer-lock-the-lock-file"
    ],
    "hash": "2e1aea855dcc0b6dbd786f357b325b15",
    "packages": [
        {
            "name": "composer/installers",
            "version": "v1.0.12",
            "source": {
                "type": "git",
                "url": "https://github.com/composer/installers.git",
                "reference": "4127333b03e8b4c08d081958548aae5419d1a2fa"
            },
            "dist": {
                "type": "zip",
                "url": "https://api.github.com/repos/composer/installers/zipball/4127333b03e8b4c08d081958548aae5419d1a2fa",
                "reference": "4127333b03e8b4c08d081958548aae5419d1a2fa",
                "shasum": ""
            },
            "replace": {
                "shama/baton": "*"
            },
            "require-dev": {
                "composer/composer": "1.0.*@dev",
                "phpunit/phpunit": "3.7.*"
            },
            "type": "composer-installer",
            "extra": {
                "class": "Composer\\Installers\\Installer",
                "branch-alias": {
                    "dev-master": "1.0-dev"
                }
            },
            "autoload": {
                "psr-0": {
                    "Composer\\Installers\\": "src/"
                }
            },
            "notification-url": "https://packagist.org/downloads/",
            "license": [
                "MIT"
            ],
            "authors": [
                {
                    "name": "Kyle Robinson Young",
                    "email": "kyle@dontkry.com",
                    "homepage": "https://github.com/shama",
                    "role": "Developer"
                }
            ],
            "description": "A multi-framework Composer library installer",
            "homepage": "http://composer.github.com/installers/",
            "keywords": [
                "Craft",
                "Hurad",
                "MODX Evo",
                "OXID",
                "WolfCMS",
                "agl",
                "annotatecms",
                "cakephp",
                "codeigniter",
                "concrete5",
                "croogo",
                "drupal",
                "elgg",
                "fuelphp",
                "installer",
                "joomla",
                "kohana",
                "laravel",
                "lithium",
                "magento",
                "mako",
                "mediawiki",
                "modulework",
                "phpbb",
                "piwik",
                "ppi",
                "shopware",
                "silverstripe",
                "symfony",
                "typo3",
                "wordpress",
                "zend",
                "zikula"
            ],
            "time": "2014-02-24 04:21:34"
        },
        {
            "name": "voceconnect/post-selection-ui",
            "version": "1.0.7",
            "source": {
                "type": "git",
                "url": "https://github.com/voceconnect/post-selection-ui.git",
                "reference": "9c006ca90a3be3446ffe61dde9bfd811af951f4a"
            },
            "dist": {
                "type": "zip",
                "url": "https://api.github.com/repos/voceconnect/post-selection-ui/zipball/9c006ca90a3be3446ffe61dde9bfd811af951f4a",
                "reference": "9c006ca90a3be3446ffe61dde9bfd811af951f4a",
                "shasum": ""
            },
            "type": "library",
            "autoload": {
                "files": [
                    "post-selection-ui.php"
                ]
            },
            "notification-url": "https://packagist.org/downloads/",
            "license": [
                "GPLv2+"
            ],
            "authors": [
                {
                    "name": "Michael Pretty",
                    "email": "mpretty@voceconnect.com"
                }
            ],
            "description": "A WordPress library to display a user interface to easily select posts from any post type",
            "time": "2014-02-06 16:05:17"
        },
        {
            "name": "voceconnect/voce-post-meta",
            "version": "v1.4.2",
            "source": {
                "type": "git",
                "url": "https://github.com/voceconnect/voce-post-meta.git",
                "reference": "ebdb07aeb79017bfee658fc1a7d60127e458a29b"
            },
            "dist": {
                "type": "zip",
                "url": "https://api.github.com/repos/voceconnect/voce-post-meta/zipball/ebdb07aeb79017bfee658fc1a7d60127e458a29b",
                "reference": "ebdb07aeb79017bfee658fc1a7d60127e458a29b",
                "shasum": ""
            },
            "type": "library",
            "autoload": {
                "files": [
                    "voce-post-meta.php"
                ]
            },
            "notification-url": "https://packagist.org/downloads/",
            "license": [
                "GPLv2+"
            ],
            "authors": [
                {
                    "name": "Michael Pretty",
                    "email": "mpretty@voceconnect.com"
                },
                {
                    "name": "Kevin Langley Jr",
                    "email": "klangley@voceconnect.com"
                },
                {
                    "name": "Jeff Stieler",
                    "email": "jeff@voceconnect.com"
                },
                {
                    "name": "Mark Parolisi",
                    "email": "mark@voceconnect.com"
                },
                {
                    "name": "Gary Smirny",
                    "email": "gary@voceconnect.com"
                }
            ],
            "description": "Easily create post metaboxes and add fields",
            "keywords": [
                "post meta",
                "wordpress"
            ],
            "time": "2014-01-02 20:55:53"
        },
        {
            "name": "voceconnect/voce-post-meta-media",
            "version": "v1.1.1",
            "source": {
                "type": "git",
                "url": "https://github.com/voceconnect/voce-post-meta-media.git",
                "reference": "665c03e5adb113fd6875924eb6e8193d3bedb752"
            },
            "dist": {
                "type": "zip",
                "url": "https://api.github.com/repos/voceconnect/voce-post-meta-media/zipball/665c03e5adb113fd6875924eb6e8193d3bedb752",
                "reference": "665c03e5adb113fd6875924eb6e8193d3bedb752",
                "shasum": ""
            },
            "require": {
                "voceconnect/voce-post-meta": "~1.4"
            },
            "type": "library",
            "autoload": {
                "files": [
                    "voce-post-meta-media.php"
                ]
            },
            "notification-url": "https://packagist.org/downloads/",
            "license": [
                "GPLv2+"
            ],
            "authors": [
                {
                    "name": "Kevin Langley Jr",
                    "email": "klangley@voceconnect.com"
                },
                {
                    "name": "Mark Parolisi",
                    "email": "mark@voceconnect.com"
                },
                {
                    "name": "Gary Smirny",
                    "email": "gary@voceconnect.com"
                },
                {
                    "name": "Curtis Loisel",
                    "email": "curtis@voceconnect.com"
                }
            ],
            "description": "Extension of Voce Post Meta Plugin to create media meta fields",
            "time": "2014-01-02 20:16:15"
        },
        {
            "name": "voceconnect/voce-post-meta-psu",
            "version": "v1.0.3",
            "source": {
                "type": "git",
                "url": "https://github.com/voceconnect/voce-post-meta-psu.git",
                "reference": "52710444db8ab2b06037dc58038eeedd2b851ab6"
            },
            "dist": {
                "type": "zip",
                "url": "https://api.github.com/repos/voceconnect/voce-post-meta-psu/zipball/52710444db8ab2b06037dc58038eeedd2b851ab6",
                "reference": "52710444db8ab2b06037dc58038eeedd2b851ab6",
                "shasum": ""
            },
            "require": {
                "voceconnect/post-selection-ui": "~1.0",
                "voceconnect/voce-post-meta": "~1.4"
            },
            "type": "library",
            "autoload": {
                "files": [
                    "voce-post-meta-psu.php"
                ]
            },
            "notification-url": "https://packagist.org/downloads/",
            "license": [
                "GPLv2+"
            ],
            "authors": [
                {
                    "name": "Kevin Langley Jr",
                    "email": "klangley@voceconnect.com"
                }
            ],
            "description": "Post Meta API Extension for Post Selection UI fields",
            "keywords": [
                "post meta",
                "wordpress"
            ],
            "time": "2014-01-03 18:01:58"
        },
        {
            "name": "voceconnect/voce-settings-api",
            "version": "0.4.3",
            "source": {
                "type": "git",
                "url": "https://github.com/voceconnect/voce-settings-api.git",
                "reference": "ea6c8a53759b1a90edb442b8b5f9b73083909428"
            },
            "dist": {
                "type": "zip",
                "url": "https://api.github.com/repos/voceconnect/voce-settings-api/zipball/ea6c8a53759b1a90edb442b8b5f9b73083909428",
                "reference": "ea6c8a53759b1a90edb442b8b5f9b73083909428",
                "shasum": ""
            },
            "type": "library",
            "autoload": {
                "files": [
                    "voce-settings-api.php"
                ]
            },
            "notification-url": "https://packagist.org/downloads/",
            "license": [
                "GPLv2+"
            ],
            "authors": [
                {
                    "name": "Michael Pretty",
                    "email": "mpretty@voceconnect.com"
                }
            ],
            "description": "A simplification of the core WordPress settings API",
            "time": "2014-02-25 15:10:19"
        },
        {
            "name": "voceconnect/wordpress",
            "version": "3.8.1",
            "source": {
                "type": "git",
                "url": "https://github.com/WordPress/WordPress",
                "reference": "3.8.1"
            },
            "dist": {
                "type": "zip",
                "url": "http://wordpress.org/wordpress-3.8.1.zip",
                "reference": null,
                "shasum": null
            },
            "require": {
                "composer/installers": "~1.0"
            },
            "type": "wordpress-plugin"
        },
        {
            "name": "wpackagist/crop-thumbnails",
            "version": "0.8.4",
            "source": {
                "type": "svn",
                "url": "http://plugins.svn.wordpress.org/crop-thumbnails/",
                "reference": "tags/0.8.4"
            },
            "dist": {
                "type": "zip",
                "url": "http://downloads.wordpress.org/plugin/crop-thumbnails.0.8.4.zip",
                "reference": null,
                "shasum": null
            },
            "require": {
                "composer/installers": "~1.0"
            },
            "type": "wordpress-plugin",
            "homepage": "http://wordpress.org/extend/plugins/crop-thumbnails"
        },
        {
            "name": "wpackagist/memcached",
            "version": "2.0.2",
            "source": {
                "type": "svn",
                "url": "http://plugins.svn.wordpress.org/memcached/",
                "reference": "tags/2.0.2"
            },
            "dist": {
                "type": "zip",
                "url": "http://downloads.wordpress.org/plugin/memcached.2.0.2.zip",
                "reference": null,
                "shasum": null
            },
            "require": {
                "composer/installers": "~1.0"
            },
            "type": "wordpress-plugin",
            "homepage": "http://wordpress.org/extend/plugins/memcached"
        },
        {
            "name": "wpackagist/voce-seo",
            "version": "0.2.3",
            "source": {
                "type": "svn",
                "url": "http://plugins.svn.wordpress.org/voce-seo/",
                "reference": "tags/0.2.3"
            },
            "dist": {
                "type": "zip",
                "url": "http://downloads.wordpress.org/plugin/voce-seo.0.2.3.zip",
                "reference": null,
                "shasum": null
            },
            "require": {
                "composer/installers": "~1.0"
            },
            "type": "wordpress-plugin",
            "homepage": "http://wordpress.org/extend/plugins/voce-seo"
        }
    ],
    "packages-dev": [
        {
            "name": "wpackagist/debug-bar",
            "version": "dev-trunk",
            "source": {
                "type": "svn",
                "url": "http://plugins.svn.wordpress.org/debug-bar/",
                "reference": "trunk"
            },
            "dist": {
                "type": "zip",
                "url": "http://downloads.wordpress.org/plugin/debug-bar.zip",
                "reference": null,
                "shasum": null
            },
            "require": {
                "composer/installers": "~1.0"
            },
            "type": "wordpress-plugin",
            "homepage": "http://wordpress.org/extend/plugins/debug-bar",
            "time": "2013-05-15 12:06:43"
        },
        {
            "name": "wpackagist/debug-bar-cron",
            "version": "dev-trunk",
            "source": {
                "type": "svn",
                "url": "http://plugins.svn.wordpress.org/debug-bar-cron/",
                "reference": "trunk"
            },
            "dist": {
                "type": "zip",
                "url": "http://downloads.wordpress.org/plugin/debug-bar-cron.zip",
                "reference": null,
                "shasum": null
            },
            "require": {
                "composer/installers": "~1.0"
            },
            "type": "wordpress-plugin",
            "homepage": "http://wordpress.org/extend/plugins/debug-bar-cron",
            "time": "2013-12-28 20:36:13"
        },
        {
            "name": "wpackagist/debug-bar-extender",
            "version": "dev-trunk",
            "source": {
                "type": "svn",
                "url": "http://plugins.svn.wordpress.org/debug-bar-extender/",
                "reference": "trunk"
            },
            "dist": {
                "type": "zip",
                "url": "http://downloads.wordpress.org/plugin/debug-bar-extender.zip",
                "reference": null,
                "shasum": null
            },
            "require": {
                "composer/installers": "~1.0"
            },
            "type": "wordpress-plugin",
            "homepage": "http://wordpress.org/extend/plugins/debug-bar-extender",
            "time": "2011-09-02 13:06:13"
        },
        {
            "name": "wpackagist/developer",
            "version": "dev-trunk",
            "source": {
                "type": "svn",
                "url": "http://plugins.svn.wordpress.org/developer/",
                "reference": "trunk"
            },
            "dist": {
                "type": "zip",
                "url": "http://downloads.wordpress.org/plugin/developer.zip",
                "reference": null,
                "shasum": null
            },
            "require": {
                "composer/installers": "~1.0"
            },
            "type": "wordpress-plugin",
            "homepage": "http://wordpress.org/extend/plugins/developer",
            "time": "2013-10-18 22:10:21"
        },
        {
            "name": "wpackagist/log-deprecated-notices",
            "version": "dev-trunk",
            "source": {
                "type": "svn",
                "url": "http://plugins.svn.wordpress.org/log-deprecated-notices/",
                "reference": "trunk"
            },
            "dist": {
                "type": "zip",
                "url": "http://downloads.wordpress.org/plugin/log-deprecated-notices.zip",
                "reference": null,
                "shasum": null
            },
            "require": {
                "composer/installers": "~1.0"
            },
            "type": "wordpress-plugin",
            "homepage": "http://wordpress.org/extend/plugins/log-deprecated-notices",
            "time": "2013-03-08 21:03:50"
        },
        {
            "name": "wpackagist/rewrite-rules-inspector",
            "version": "dev-trunk",
            "source": {
                "type": "svn",
                "url": "http://plugins.svn.wordpress.org/rewrite-rules-inspector/",
                "reference": "trunk"
            },
            "dist": {
                "type": "zip",
                "url": "http://downloads.wordpress.org/plugin/rewrite-rules-inspector.zip",
                "reference": null,
                "shasum": null
            },
            "require": {
                "composer/installers": "~1.0"
            },
            "type": "wordpress-plugin",
            "homepage": "http://wordpress.org/extend/plugins/rewrite-rules-inspector",
            "time": "2013-09-24 15:23:25"
        }
    ],
    "aliases": [

    ],
    "minimum-stability": "stable",
    "stability-flags": {
        "wpackagist/debug-bar": 20,
        "wpackagist/debug-bar-extender": 20,
        "wpackagist/debug-bar-cron": 20,
        "wpackagist/developer": 20,
        "wpackagist/rewrite-rules-inspector": 20,
        "wpackagist/log-deprecated-notices": 20
    },
    "platform": [

    ],
    "platform-dev": [

    ]
}
