{
    "_readme": [
        "This file locks the dependencies of your project to a known state",
        "Read more about it at http://getcomposer.org/doc/01-basic-usage.md#composer-lock-the-lock-file"
    ],
    "hash": "b37ba9ad4c91ca7c5dd51a15d82818ea",
    "packages": [
        {
            "name": "composer/installers",
            "version": "v1.0.12",
            "source": {
                "type": "git",
                "url": "https://github.com/composer/installers.git",
                "reference": "4127333b03e8b4c08d081958548aae5419d1a2fa"
            },
            "dist": {
                "type": "zip",
                "url": "https://api.github.com/repos/composer/installers/zipball/4127333b03e8b4c08d081958548aae5419d1a2fa",
                "reference": "4127333b03e8b4c08d081958548aae5419d1a2fa",
                "shasum": ""
            },
            "replace": {
                "shama/baton": "*"
            },
            "require-dev": {
                "composer/composer": "1.0.*@dev",
                "phpunit/phpunit": "3.7.*"
            },
            "type": "composer-installer",
            "extra": {
                "class": "Composer\\Installers\\Installer",
                "branch-alias": {
                    "dev-master": "1.0-dev"
                }
            },
            "autoload": {
                "psr-0": {
                    "Composer\\Installers\\": "src/"
                }
            },
            "notification-url": "https://packagist.org/downloads/",
            "license": [
                "MIT"
            ],
            "authors": [
                {
                    "name": "Kyle Robinson Young",
                    "email": "kyle@dontkry.com",
                    "homepage": "https://github.com/shama",
                    "role": "Developer"
                }
            ],
            "description": "A multi-framework Composer library installer",
            "homepage": "http://composer.github.com/installers/",
            "keywords": [
                "Craft",
                "Hurad",
                "MODX Evo",
                "OXID",
                "WolfCMS",
                "agl",
                "annotatecms",
                "cakephp",
                "codeigniter",
                "concrete5",
                "croogo",
                "drupal",
                "elgg",
                "fuelphp",
                "installer",
                "joomla",
                "kohana",
                "laravel",
                "lithium",
                "magento",
                "mako",
                "mediawiki",
                "modulework",
                "phpbb",
                "piwik",
                "ppi",
                "shopware",
                "silverstripe",
                "symfony",
                "typo3",
                "wordpress",
                "zend",
                "zikula"
            ],
            "time": "2014-02-24 04:21:34"
        },
        {
            "name": "voceconnect/required-plugins",
            "version": "0.2.0",
            "source": {
                "type": "git",
                "url": "https://github.com/voceconnect/required-plugins.git",
                "reference": "master"
            },
            "dist": {
                "type": "zip",
                "url": "https://github.com/voceconnect/required-plugins/archive/v0.2.0.zip",
                "reference": null,
                "shasum": null
            },
            "require": {
                "composer/installers": "~1.0",
                "voceconnect/wp-dependencies": "~0.1",
                "wpackagist/force-strong-passwords": "~1.3.0",
                "wpackagist/wp-fail2ban": "~2.1.0"
            },
            "type": "wordpress-muplugin",
            "autoload": {
                "files": [
                    "loader.php"
                ]
            }
        },
        {
            "name": "voceconnect/wordpress",
            "version": "3.8.1",
            "source": {
                "type": "git",
                "url": "https://github.com/WordPress/WordPress",
                "reference": "3.8.1"
            },
            "dist": {
                "type": "zip",
                "url": "http://wordpress.org/wordpress-3.8.1.zip",
                "reference": null,
                "shasum": null
            },
            "require": {
                "composer/installers": "~1.0"
            },
            "type": "wordpress-plugin"
        },
        {
            "name": "voceconnect/wp-dependencies",
            "version": "v0.1.1",
            "source": {
                "type": "git",
                "url": "https://github.com/voceconnect/wp-dependencies.git",
                "reference": "4f3f58d5abef36b28bcdd8e97c3fef6687201d65"
            },
            "dist": {
                "type": "zip",
                "url": "https://api.github.com/repos/voceconnect/wp-dependencies/zipball/4f3f58d5abef36b28bcdd8e97c3fef6687201d65",
                "reference": "4f3f58d5abef36b28bcdd8e97c3fef6687201d65",
                "shasum": ""
            },
            "require": {
                "php": ">=5.2.4"
            },
            "type": "library",
            "autoload": {
                "classmap": [
                    "class-wp-dependency-loader.php"
                ],
                "files": [
                    "bootstrap.php"
                ]
            },
            "notification-url": "https://packagist.org/downloads/",
            "license": [
                "GPL-2.0+"
            ],
            "authors": [
                {
                    "name": "Michael Prettty",
                    "email": "mpretty@voceconnect.com"
                }
            ],
            "description": "A composer package for WordPress to help manage plugin dependencies.",
            "time": "2013-11-05 19:12:23"
        },
        {
            "name": "wpackagist/force-strong-passwords",
            "version": "1.3.2",
            "source": {
                "type": "svn",
                "url": "http://plugins.svn.wordpress.org/force-strong-passwords/",
                "reference": "tags/1.3.2"
            },
            "dist": {
                "type": "zip",
                "url": "http://downloads.wordpress.org/plugin/force-strong-passwords.1.3.2.zip",
                "reference": null,
                "shasum": null
            },
            "require": {
                "composer/installers": "~1.0"
            },
            "type": "wordpress-plugin",
            "homepage": "http://wordpress.org/extend/plugins/force-strong-passwords"
        },
        {
            "name": "wpackagist/memcached",
            "version": "2.0.2",
            "source": {
                "type": "svn",
                "url": "http://plugins.svn.wordpress.org/memcached/",
                "reference": "tags/2.0.2"
            },
            "dist": {
                "type": "zip",
                "url": "http://downloads.wordpress.org/plugin/memcached.2.0.2.zip",
                "reference": null,
                "shasum": null
            },
            "require": {
                "composer/installers": "~1.0"
            },
            "type": "wordpress-plugin",
            "homepage": "http://wordpress.org/extend/plugins/memcached"
        },
        {
            "name": "wpackagist/wp-fail2ban",
            "version": "2.1.1",
            "source": {
                "type": "svn",
                "url": "http://plugins.svn.wordpress.org/wp-fail2ban/",
                "reference": "tags/2.1.1"
            },
            "dist": {
                "type": "zip",
                "url": "http://downloads.wordpress.org/plugin/wp-fail2ban.2.1.1.zip",
                "reference": null,
                "shasum": null
            },
            "require": {
                "composer/installers": "~1.0"
            },
            "type": "wordpress-plugin",
            "homepage": "http://wordpress.org/extend/plugins/wp-fail2ban"
        }
    ],
    "packages-dev": [
        {
            "name": "wpackagist/debug-bar",
            "version": "dev-trunk",
            "source": {
                "type": "svn",
                "url": "http://plugins.svn.wordpress.org/debug-bar/",
                "reference": "trunk"
            },
            "dist": {
                "type": "zip",
                "url": "http://downloads.wordpress.org/plugin/debug-bar.zip",
                "reference": null,
                "shasum": null
            },
            "require": {
                "composer/installers": "~1.0"
            },
            "type": "wordpress-plugin",
            "homepage": "http://wordpress.org/extend/plugins/debug-bar",
            "time": "2013-05-15 12:06:43"
        },
        {
            "name": "wpackagist/debug-bar-cron",
            "version": "dev-trunk",
            "source": {
                "type": "svn",
                "url": "http://plugins.svn.wordpress.org/debug-bar-cron/",
                "reference": "trunk"
            },
            "dist": {
                "type": "zip",
                "url": "http://downloads.wordpress.org/plugin/debug-bar-cron.zip",
                "reference": null,
                "shasum": null
            },
            "require": {
                "composer/installers": "~1.0"
            },
            "type": "wordpress-plugin",
            "homepage": "http://wordpress.org/extend/plugins/debug-bar-cron",
            "time": "2013-12-28 20:36:13"
        },
        {
            "name": "wpackagist/debug-bar-extender",
            "version": "dev-trunk",
            "source": {
                "type": "svn",
                "url": "http://plugins.svn.wordpress.org/debug-bar-extender/",
                "reference": "trunk"
            },
            "dist": {
                "type": "zip",
                "url": "http://downloads.wordpress.org/plugin/debug-bar-extender.zip",
                "reference": null,
                "shasum": null
            },
            "require": {
                "composer/installers": "~1.0"
            },
            "type": "wordpress-plugin",
            "homepage": "http://wordpress.org/extend/plugins/debug-bar-extender",
            "time": "2011-09-02 13:06:13"
        },
        {
            "name": "wpackagist/developer",
            "version": "dev-trunk",
            "source": {
                "type": "svn",
                "url": "http://plugins.svn.wordpress.org/developer/",
                "reference": "trunk"
            },
            "dist": {
                "type": "zip",
                "url": "http://downloads.wordpress.org/plugin/developer.zip",
                "reference": null,
                "shasum": null
            },
            "require": {
                "composer/installers": "~1.0"
            },
            "type": "wordpress-plugin",
            "homepage": "http://wordpress.org/extend/plugins/developer",
            "time": "2013-10-18 22:10:21"
        },
        {
            "name": "wpackagist/log-deprecated-notices",
            "version": "dev-trunk",
            "source": {
                "type": "svn",
                "url": "http://plugins.svn.wordpress.org/log-deprecated-notices/",
                "reference": "trunk"
            },
            "dist": {
                "type": "zip",
                "url": "http://downloads.wordpress.org/plugin/log-deprecated-notices.zip",
                "reference": null,
                "shasum": null
            },
            "require": {
                "composer/installers": "~1.0"
            },
            "type": "wordpress-plugin",
            "homepage": "http://wordpress.org/extend/plugins/log-deprecated-notices",
            "time": "2013-03-08 21:03:50"
        },
        {
            "name": "wpackagist/rewrite-rules-inspector",
            "version": "dev-trunk",
            "source": {
                "type": "svn",
                "url": "http://plugins.svn.wordpress.org/rewrite-rules-inspector/",
                "reference": "trunk"
            },
            "dist": {
                "type": "zip",
                "url": "http://downloads.wordpress.org/plugin/rewrite-rules-inspector.zip",
                "reference": null,
                "shasum": null
            },
            "require": {
                "composer/installers": "~1.0"
            },
            "type": "wordpress-plugin",
            "homepage": "http://wordpress.org/extend/plugins/rewrite-rules-inspector",
            "time": "2013-09-24 15:23:25"
        }
    ],
    "aliases": [

    ],
    "minimum-stability": "stable",
    "stability-flags": {
        "wpackagist/debug-bar": 20,
        "wpackagist/debug-bar-extender": 20,
        "wpackagist/debug-bar-cron": 20,
        "wpackagist/developer": 20,
        "wpackagist/rewrite-rules-inspector": 20,
        "wpackagist/log-deprecated-notices": 20
    },
    "platform": [

    ],
    "platform-dev": [

    ]
}
